// !$*UTF8*$!
{
	archiveVersion = 1;
	classes = {
	};
	objectVersion = 56;
	objects = {

/* Begin PBXBuildFile section */
		6F0497EA2CC0F01300D268D5 /* Login.storyboard in Resources */ = {isa = PBXBuildFile; fileRef = 6F0497E92CC0F01300D268D5 /* Login.storyboard */; };
		6F0497EC2CC0F02A00D268D5 /* LoginVC.swift in Sources */ = {isa = PBXBuildFile; fileRef = 6F0497EB2CC0F02A00D268D5 /* LoginVC.swift */; };
		6F0497F02CC0F77000D268D5 /* UserModel.swift in Sources */ = {isa = PBXBuildFile; fileRef = 6F0497EF2CC0F77000D268D5 /* UserModel.swift */; };
		6F0497F22CC0F79600D268D5 /* LoginViewModel.swift in Sources */ = {isa = PBXBuildFile; fileRef = 6F0497F12CC0F79600D268D5 /* LoginViewModel.swift */; };
		6F0497F42CC0FF6600D268D5 /* CreateAccount.storyboard in Resources */ = {isa = PBXBuildFile; fileRef = 6F0497F32CC0FF6500D268D5 /* CreateAccount.storyboard */; };
		6F0497FC2CC11A4F00D268D5 /* CreateAccountVC.swift in Sources */ = {isa = PBXBuildFile; fileRef = 6F0497FB2CC11A4F00D268D5 /* CreateAccountVC.swift */; };
		6F0497FE2CC11C5F00D268D5 /* CreateAccountViewModel.swift in Sources */ = {isa = PBXBuildFile; fileRef = 6F0497FD2CC11C5F00D268D5 /* CreateAccountViewModel.swift */; };
		6F0498002CC1403900D268D5 /* String+messages.swift in Sources */ = {isa = PBXBuildFile; fileRef = 6F0497FF2CC1403900D268D5 /* String+messages.swift */; };
		6F36A78E2CB3E9AC00B1C283 /* Alamofire in Frameworks */ = {isa = PBXBuildFile; productRef = 6F36A78D2CB3E9AC00B1C283 /* Alamofire */; };
		6F36A7932CB3E9C000B1C283 /* AlamofireImage in Frameworks */ = {isa = PBXBuildFile; productRef = 6F36A7922CB3E9C000B1C283 /* AlamofireImage */; };
		6F36A7962CB3E9F300B1C283 /* MaterialActivityIndicator in Frameworks */ = {isa = PBXBuildFile; productRef = 6F36A7952CB3E9F300B1C283 /* MaterialActivityIndicator */; };
		6F36A79F2CB3F21500B1C283 /* GoogleService-Info.plist in Resources */ = {isa = PBXBuildFile; fileRef = 6F36A79E2CB3F21500B1C283 /* GoogleService-Info.plist */; };
		6F36A7AC2CB3F2D600B1C283 /* FirebaseAuth in Frameworks */ = {isa = PBXBuildFile; productRef = 6F36A7AB2CB3F2D600B1C283 /* FirebaseAuth */; };
		6F36A7B82CB3F2D600B1C283 /* FirebaseFirestore in Frameworks */ = {isa = PBXBuildFile; productRef = 6F36A7B72CB3F2D600B1C283 /* FirebaseFirestore */; };
		6F36A7CC2CB3F2D600B1C283 /* FirebaseStorage in Frameworks */ = {isa = PBXBuildFile; productRef = 6F36A7CB2CB3F2D600B1C283 /* FirebaseStorage */; };
		6F36A7D22CB3FE4900B1C283 /* Home.storyboard in Resources */ = {isa = PBXBuildFile; fileRef = 6F36A7D12CB3FE4900B1C283 /* Home.storyboard */; };
		6F36A7DA2CB3FF2100B1C283 /* Search.storyboard in Resources */ = {isa = PBXBuildFile; fileRef = 6F36A7D92CB3FF2100B1C283 /* Search.storyboard */; };
		6F36A7DC2CB3FF3A00B1C283 /* Favorites.storyboard in Resources */ = {isa = PBXBuildFile; fileRef = 6F36A7DB2CB3FF3A00B1C283 /* Favorites.storyboard */; };
		6F36A7DE2CB4032700B1C283 /* HomeVC.swift in Sources */ = {isa = PBXBuildFile; fileRef = 6F36A7DD2CB4032700B1C283 /* HomeVC.swift */; };
		6F36A7E02CB4034900B1C283 /* FavoritesVC.swift in Sources */ = {isa = PBXBuildFile; fileRef = 6F36A7DF2CB4034900B1C283 /* FavoritesVC.swift */; };
		6F36A7E22CB4035F00B1C283 /* SearchVC.swift in Sources */ = {isa = PBXBuildFile; fileRef = 6F36A7E12CB4035F00B1C283 /* SearchVC.swift */; };
		6F6D9B1D2CBE84C2009E931F /* SearchViewModel.swift in Sources */ = {isa = PBXBuildFile; fileRef = 6F6D9B1C2CBE84C2009E931F /* SearchViewModel.swift */; };
		6F73D23E2CB7AE12009C94B9 /* Color+Ext.swift in Sources */ = {isa = PBXBuildFile; fileRef = 6F73D23D2CB7AE12009C94B9 /* Color+Ext.swift */; };
		6F87FC162CBD491B00CFD2AF /* BaseVC.swift in Sources */ = {isa = PBXBuildFile; fileRef = 6F87FC152CBD491B00CFD2AF /* BaseVC.swift */; };
		6FA83BAE2CB643CB0052D790 /* TabBarController.swift in Sources */ = {isa = PBXBuildFile; fileRef = 6FA83BAD2CB643CB0052D790 /* TabBarController.swift */; };
		6FA83BB02CB6543A0052D790 /* EndPoints.swift in Sources */ = {isa = PBXBuildFile; fileRef = 6FA83BAF2CB6543A0052D790 /* EndPoints.swift */; };
		6FA83BB22CB654FA0052D790 /* APIServices.swift in Sources */ = {isa = PBXBuildFile; fileRef = 6FA83BB12CB654FA0052D790 /* APIServices.swift */; };
		6FA83BB52CB6556F0052D790 /* Categories.swift in Sources */ = {isa = PBXBuildFile; fileRef = 6FA83BB42CB6556F0052D790 /* Categories.swift */; };
		6FA83BB72CB655B40052D790 /* NewsModel.swift in Sources */ = {isa = PBXBuildFile; fileRef = 6FA83BB62CB655B40052D790 /* NewsModel.swift */; };
		6FA83BBB2CB66EF20052D790 /* HomeViewModel.swift in Sources */ = {isa = PBXBuildFile; fileRef = 6FA83BBA2CB66EF20052D790 /* HomeViewModel.swift */; };
		6FA83BC32CB694210052D790 /* CategoryCell.swift in Sources */ = {isa = PBXBuildFile; fileRef = 6FA83BC12CB694210052D790 /* CategoryCell.swift */; };
		6FA83BC42CB694210052D790 /* CategoryCell.xib in Resources */ = {isa = PBXBuildFile; fileRef = 6FA83BC22CB694210052D790 /* CategoryCell.xib */; };
		6FA83BC82CB6985A0052D790 /* NewsCell.swift in Sources */ = {isa = PBXBuildFile; fileRef = 6FA83BC62CB6985A0052D790 /* NewsCell.swift */; };
		6FA83BC92CB6985A0052D790 /* NewsCell.xib in Resources */ = {isa = PBXBuildFile; fileRef = 6FA83BC72CB6985A0052D790 /* NewsCell.xib */; };
		6FB379632CB3C9BE00AA8BF7 /* AppDelegate.swift in Sources */ = {isa = PBXBuildFile; fileRef = 6FB379622CB3C9BE00AA8BF7 /* AppDelegate.swift */; };
		6FB379652CB3C9BE00AA8BF7 /* SceneDelegate.swift in Sources */ = {isa = PBXBuildFile; fileRef = 6FB379642CB3C9BE00AA8BF7 /* SceneDelegate.swift */; };
		6FB3796A2CB3C9BE00AA8BF7 /* Main.storyboard in Resources */ = {isa = PBXBuildFile; fileRef = 6FB379682CB3C9BE00AA8BF7 /* Main.storyboard */; };
		6FB3796C2CB3C9BF00AA8BF7 /* Assets.xcassets in Resources */ = {isa = PBXBuildFile; fileRef = 6FB3796B2CB3C9BF00AA8BF7 /* Assets.xcassets */; };
		6FB3796F2CB3C9BF00AA8BF7 /* LaunchScreen.storyboard in Resources */ = {isa = PBXBuildFile; fileRef = 6FB3796D2CB3C9BF00AA8BF7 /* LaunchScreen.storyboard */; };
		6FF327E72CBCE1EC0008247C /* NewsDetailVC.swift in Sources */ = {isa = PBXBuildFile; fileRef = 6FF327E62CBCE1EC0008247C /* NewsDetailVC.swift */; };
/* End PBXBuildFile section */

/* Begin PBXFileReference section */
		6F0497E92CC0F01300D268D5 /* Login.storyboard */ = {isa = PBXFileReference; lastKnownFileType = file.storyboard; path = Login.storyboard; sourceTree = "<group>"; };
		6F0497EB2CC0F02A00D268D5 /* LoginVC.swift */ = {isa = PBXFileReference; lastKnownFileType = sourcecode.swift; path = LoginVC.swift; sourceTree = "<group>"; };
		6F0497EF2CC0F77000D268D5 /* UserModel.swift */ = {isa = PBXFileReference; lastKnownFileType = sourcecode.swift; path = UserModel.swift; sourceTree = "<group>"; };
		6F0497F12CC0F79600D268D5 /* LoginViewModel.swift */ = {isa = PBXFileReference; lastKnownFileType = sourcecode.swift; path = LoginViewModel.swift; sourceTree = "<group>"; };
		6F0497F32CC0FF6500D268D5 /* CreateAccount.storyboard */ = {isa = PBXFileReference; lastKnownFileType = file.storyboard; path = CreateAccount.storyboard; sourceTree = "<group>"; };
		6F0497FB2CC11A4F00D268D5 /* CreateAccountVC.swift */ = {isa = PBXFileReference; lastKnownFileType = sourcecode.swift; path = CreateAccountVC.swift; sourceTree = "<group>"; };
		6F0497FD2CC11C5F00D268D5 /* CreateAccountViewModel.swift */ = {isa = PBXFileReference; lastKnownFileType = sourcecode.swift; path = CreateAccountViewModel.swift; sourceTree = "<group>"; };
		6F0497FF2CC1403900D268D5 /* String+messages.swift */ = {isa = PBXFileReference; lastKnownFileType = sourcecode.swift; path = "String+messages.swift"; sourceTree = "<group>"; };
		6F36A79E2CB3F21500B1C283 /* GoogleService-Info.plist */ = {isa = PBXFileReference; fileEncoding = 4; lastKnownFileType = text.plist.xml; path = "GoogleService-Info.plist"; sourceTree = "<group>"; };
		6F36A7D12CB3FE4900B1C283 /* Home.storyboard */ = {isa = PBXFileReference; lastKnownFileType = file.storyboard; path = Home.storyboard; sourceTree = "<group>"; };
		6F36A7D92CB3FF2100B1C283 /* Search.storyboard */ = {isa = PBXFileReference; lastKnownFileType = file.storyboard; path = Search.storyboard; sourceTree = "<group>"; };
		6F36A7DB2CB3FF3A00B1C283 /* Favorites.storyboard */ = {isa = PBXFileReference; lastKnownFileType = file.storyboard; path = Favorites.storyboard; sourceTree = "<group>"; };
		6F36A7DD2CB4032700B1C283 /* HomeVC.swift */ = {isa = PBXFileReference; lastKnownFileType = sourcecode.swift; path = HomeVC.swift; sourceTree = "<group>"; };
		6F36A7DF2CB4034900B1C283 /* FavoritesVC.swift */ = {isa = PBXFileReference; lastKnownFileType = sourcecode.swift; path = FavoritesVC.swift; sourceTree = "<group>"; };
		6F36A7E12CB4035F00B1C283 /* SearchVC.swift */ = {isa = PBXFileReference; lastKnownFileType = sourcecode.swift; path = SearchVC.swift; sourceTree = "<group>"; };
		6F6D9B1C2CBE84C2009E931F /* SearchViewModel.swift */ = {isa = PBXFileReference; lastKnownFileType = sourcecode.swift; path = SearchViewModel.swift; sourceTree = "<group>"; };
		6F73D23D2CB7AE12009C94B9 /* Color+Ext.swift */ = {isa = PBXFileReference; lastKnownFileType = sourcecode.swift; path = "Color+Ext.swift"; sourceTree = "<group>"; };
		6F87FC152CBD491B00CFD2AF /* BaseVC.swift */ = {isa = PBXFileReference; lastKnownFileType = sourcecode.swift; path = BaseVC.swift; sourceTree = "<group>"; };
		6FA83BAD2CB643CB0052D790 /* TabBarController.swift */ = {isa = PBXFileReference; lastKnownFileType = sourcecode.swift; path = TabBarController.swift; sourceTree = "<group>"; };
		6FA83BAF2CB6543A0052D790 /* EndPoints.swift */ = {isa = PBXFileReference; lastKnownFileType = sourcecode.swift; path = EndPoints.swift; sourceTree = "<group>"; };
		6FA83BB12CB654FA0052D790 /* APIServices.swift */ = {isa = PBXFileReference; lastKnownFileType = sourcecode.swift; path = APIServices.swift; sourceTree = "<group>"; };
		6FA83BB42CB6556F0052D790 /* Categories.swift */ = {isa = PBXFileReference; lastKnownFileType = sourcecode.swift; path = Categories.swift; sourceTree = "<group>"; };
		6FA83BB62CB655B40052D790 /* NewsModel.swift */ = {isa = PBXFileReference; lastKnownFileType = sourcecode.swift; path = NewsModel.swift; sourceTree = "<group>"; };
		6FA83BBA2CB66EF20052D790 /* HomeViewModel.swift */ = {isa = PBXFileReference; lastKnownFileType = sourcecode.swift; path = HomeViewModel.swift; sourceTree = "<group>"; };
		6FA83BC12CB694210052D790 /* CategoryCell.swift */ = {isa = PBXFileReference; lastKnownFileType = sourcecode.swift; path = CategoryCell.swift; sourceTree = "<group>"; };
		6FA83BC22CB694210052D790 /* CategoryCell.xib */ = {isa = PBXFileReference; lastKnownFileType = file.xib; path = CategoryCell.xib; sourceTree = "<group>"; };
		6FA83BC62CB6985A0052D790 /* NewsCell.swift */ = {isa = PBXFileReference; lastKnownFileType = sourcecode.swift; path = NewsCell.swift; sourceTree = "<group>"; };
		6FA83BC72CB6985A0052D790 /* NewsCell.xib */ = {isa = PBXFileReference; lastKnownFileType = file.xib; path = NewsCell.xib; sourceTree = "<group>"; };
		6FB3795F2CB3C9BE00AA8BF7 /* NewsApp-MVVM.app */ = {isa = PBXFileReference; explicitFileType = wrapper.application; includeInIndex = 0; path = "NewsApp-MVVM.app"; sourceTree = BUILT_PRODUCTS_DIR; };
		6FB379622CB3C9BE00AA8BF7 /* AppDelegate.swift */ = {isa = PBXFileReference; lastKnownFileType = sourcecode.swift; path = AppDelegate.swift; sourceTree = "<group>"; };
		6FB379642CB3C9BE00AA8BF7 /* SceneDelegate.swift */ = {isa = PBXFileReference; lastKnownFileType = sourcecode.swift; path = SceneDelegate.swift; sourceTree = "<group>"; };
		6FB379692CB3C9BE00AA8BF7 /* Base */ = {isa = PBXFileReference; lastKnownFileType = file.storyboard; name = Base; path = Base.lproj/Main.storyboard; sourceTree = "<group>"; };
		6FB3796B2CB3C9BF00AA8BF7 /* Assets.xcassets */ = {isa = PBXFileReference; lastKnownFileType = folder.assetcatalog; path = Assets.xcassets; sourceTree = "<group>"; };
		6FB3796E2CB3C9BF00AA8BF7 /* Base */ = {isa = PBXFileReference; lastKnownFileType = file.storyboard; name = Base; path = Base.lproj/LaunchScreen.storyboard; sourceTree = "<group>"; };
		6FB379702CB3C9BF00AA8BF7 /* Info.plist */ = {isa = PBXFileReference; lastKnownFileType = text.plist.xml; path = Info.plist; sourceTree = "<group>"; };
		6FF327E62CBCE1EC0008247C /* NewsDetailVC.swift */ = {isa = PBXFileReference; lastKnownFileType = sourcecode.swift; path = NewsDetailVC.swift; sourceTree = "<group>"; };
/* End PBXFileReference section */

/* Begin PBXFrameworksBuildPhase section */
		6FB3795C2CB3C9BE00AA8BF7 /* Frameworks */ = {
			isa = PBXFrameworksBuildPhase;
			buildActionMask = 2147483647;
			files = (
				6F36A78E2CB3E9AC00B1C283 /* Alamofire in Frameworks */,
				6F36A7CC2CB3F2D600B1C283 /* FirebaseStorage in Frameworks */,
				6F36A7962CB3E9F300B1C283 /* MaterialActivityIndicator in Frameworks */,
				6F36A7AC2CB3F2D600B1C283 /* FirebaseAuth in Frameworks */,
				6F36A7B82CB3F2D600B1C283 /* FirebaseFirestore in Frameworks */,
				6F36A7932CB3E9C000B1C283 /* AlamofireImage in Frameworks */,
			);
			runOnlyForDeploymentPostprocessing = 0;
		};
/* End PBXFrameworksBuildPhase section */

/* Begin PBXGroup section */
		6F0497E12CC0EF0B00D268D5 /* Login */ = {
			isa = PBXGroup;
			children = (
				6F0497E82CC0EFEE00D268D5 /* Model */,
				6F0497E72CC0EFE800D268D5 /* View */,
				6F0497E62CC0EFDF00D268D5 /* ViewModel */,
			);
			path = Login;
			sourceTree = "<group>";
		};
		6F0497E62CC0EFDF00D268D5 /* ViewModel */ = {
			isa = PBXGroup;
			children = (
				6F0497F12CC0F79600D268D5 /* LoginViewModel.swift */,
				6F0497FD2CC11C5F00D268D5 /* CreateAccountViewModel.swift */,
			);
			path = ViewModel;
			sourceTree = "<group>";
		};
		6F0497E72CC0EFE800D268D5 /* View */ = {
			isa = PBXGroup;
			children = (
				6F0497F82CC0FFB900D268D5 /* CreateAccount */,
				6F0497F72CC0FF9700D268D5 /* Login */,
			);
			path = View;
			sourceTree = "<group>";
		};
		6F0497E82CC0EFEE00D268D5 /* Model */ = {
			isa = PBXGroup;
			children = (
				6F0497EF2CC0F77000D268D5 /* UserModel.swift */,
			);
			path = Model;
			sourceTree = "<group>";
		};
		6F0497F72CC0FF9700D268D5 /* Login */ = {
			isa = PBXGroup;
			children = (
				6F0497E92CC0F01300D268D5 /* Login.storyboard */,
				6F0497EB2CC0F02A00D268D5 /* LoginVC.swift */,
			);
			path = Login;
			sourceTree = "<group>";
		};
		6F0497F82CC0FFB900D268D5 /* CreateAccount */ = {
			isa = PBXGroup;
			children = (
				6F0497F32CC0FF6500D268D5 /* CreateAccount.storyboard */,
				6F0497FB2CC11A4F00D268D5 /* CreateAccountVC.swift */,
			);
			path = CreateAccount;
			sourceTree = "<group>";
		};
		6F36A7972CB3ED4300B1C283 /* Resources */ = {
			isa = PBXGroup;
			children = (
				6FB379622CB3C9BE00AA8BF7 /* AppDelegate.swift */,
				6FB379642CB3C9BE00AA8BF7 /* SceneDelegate.swift */,
				6FB379682CB3C9BE00AA8BF7 /* Main.storyboard */,
				6FB3796B2CB3C9BF00AA8BF7 /* Assets.xcassets */,
				6FB3796D2CB3C9BF00AA8BF7 /* LaunchScreen.storyboard */,
			);
			path = Resources;
			sourceTree = "<group>";
		};
		6F36A7982CB3ED5100B1C283 /* Screens */ = {
			isa = PBXGroup;
			children = (
				6F0497E12CC0EF0B00D268D5 /* Login */,
				6FA83BCD2CB6A0740052D790 /* Tabbar */,
				6F36A79C2CB3ED8E00B1C283 /* Search */,
				6F36A79B2CB3ED8600B1C283 /* Favorite */,
				6F36A79A2CB3ED6F00B1C283 /* Home */,
			);
			path = Screens;
			sourceTree = "<group>";
		};
		6F36A7992CB3ED5A00B1C283 /* Services */ = {
			isa = PBXGroup;
			children = (
				6FA83BAF2CB6543A0052D790 /* EndPoints.swift */,
				6FA83BB12CB654FA0052D790 /* APIServices.swift */,
			);
			path = Services;
			sourceTree = "<group>";
		};
		6F36A79A2CB3ED6F00B1C283 /* Home */ = {
			isa = PBXGroup;
			children = (
				6FA83BB32CB6555B0052D790 /* Model */,
				6F36A7D42CB3FED300B1C283 /* View */,
				6F36A7D32CB3FEBD00B1C283 /* ViewModel */,
			);
			path = Home;
			sourceTree = "<group>";
		};
		6F36A79B2CB3ED8600B1C283 /* Favorite */ = {
			isa = PBXGroup;
			children = (
				6F36A7D82CB3FF1000B1C283 /* View */,
				6F36A7D72CB3FF0700B1C283 /* ViewModel */,
			);
			path = Favorite;
			sourceTree = "<group>";
		};
		6F36A79C2CB3ED8E00B1C283 /* Search */ = {
			isa = PBXGroup;
			children = (
				6F36A7D62CB3FEFF00B1C283 /* View */,
				6F36A7D52CB3FEF700B1C283 /* ViewModel */,
			);
			path = Search;
			sourceTree = "<group>";
		};
		6F36A79D2CB3EE2D00B1C283 /* Extensions */ = {
			isa = PBXGroup;
			children = (
				6F87FC152CBD491B00CFD2AF /* BaseVC.swift */,
				6F73D23D2CB7AE12009C94B9 /* Color+Ext.swift */,
				6F0497FF2CC1403900D268D5 /* String+messages.swift */,
			);
			path = Extensions;
			sourceTree = "<group>";
		};
		6F36A7D32CB3FEBD00B1C283 /* ViewModel */ = {
			isa = PBXGroup;
			children = (
				6FA83BBA2CB66EF20052D790 /* HomeViewModel.swift */,
			);
			path = ViewModel;
			sourceTree = "<group>";
		};
		6F36A7D42CB3FED300B1C283 /* View */ = {
			isa = PBXGroup;
			children = (
				6FA83BC52CB698110052D790 /* TableViewCell */,
				6FA83BBC2CB6936A0052D790 /* CollectionViewCell */,
				6F36A7D12CB3FE4900B1C283 /* Home.storyboard */,
				6F36A7DD2CB4032700B1C283 /* HomeVC.swift */,
				6FF327E62CBCE1EC0008247C /* NewsDetailVC.swift */,
			);
			path = View;
			sourceTree = "<group>";
		};
		6F36A7D52CB3FEF700B1C283 /* ViewModel */ = {
			isa = PBXGroup;
			children = (
				6F6D9B1C2CBE84C2009E931F /* SearchViewModel.swift */,
			);
			path = ViewModel;
			sourceTree = "<group>";
		};
		6F36A7D62CB3FEFF00B1C283 /* View */ = {
			isa = PBXGroup;
			children = (
				6F36A7D92CB3FF2100B1C283 /* Search.storyboard */,
				6F36A7E12CB4035F00B1C283 /* SearchVC.swift */,
			);
			path = View;
			sourceTree = "<group>";
		};
		6F36A7D72CB3FF0700B1C283 /* ViewModel */ = {
			isa = PBXGroup;
			children = (
			);
			path = ViewModel;
			sourceTree = "<group>";
		};
		6F36A7D82CB3FF1000B1C283 /* View */ = {
			isa = PBXGroup;
			children = (
				6F36A7DB2CB3FF3A00B1C283 /* Favorites.storyboard */,
				6F36A7DF2CB4034900B1C283 /* FavoritesVC.swift */,
			);
			path = View;
			sourceTree = "<group>";
		};
		6FA83BB32CB6555B0052D790 /* Model */ = {
			isa = PBXGroup;
			children = (
				6FA83BB42CB6556F0052D790 /* Categories.swift */,
				6FA83BB62CB655B40052D790 /* NewsModel.swift */,
			);
			path = Model;
			sourceTree = "<group>";
		};
		6FA83BBC2CB6936A0052D790 /* CollectionViewCell */ = {
			isa = PBXGroup;
			children = (
				6FA83BC12CB694210052D790 /* CategoryCell.swift */,
				6FA83BC22CB694210052D790 /* CategoryCell.xib */,
			);
			path = CollectionViewCell;
			sourceTree = "<group>";
		};
		6FA83BC52CB698110052D790 /* TableViewCell */ = {
			isa = PBXGroup;
			children = (
				6FA83BC62CB6985A0052D790 /* NewsCell.swift */,
				6FA83BC72CB6985A0052D790 /* NewsCell.xib */,
			);
			path = TableViewCell;
			sourceTree = "<group>";
		};
		6FA83BCC2CB6A06B0052D790 /* View */ = {
			isa = PBXGroup;
			children = (
				6FA83BAD2CB643CB0052D790 /* TabBarController.swift */,
			);
			path = View;
			sourceTree = "<group>";
		};
		6FA83BCD2CB6A0740052D790 /* Tabbar */ = {
			isa = PBXGroup;
			children = (
				6FA83BCC2CB6A06B0052D790 /* View */,
			);
			name = Tabbar;
			path = ../Tabbar;
			sourceTree = "<group>";
		};
		6FB379562CB3C9BE00AA8BF7 = {
			isa = PBXGroup;
			children = (
				6FB379612CB3C9BE00AA8BF7 /* NewsApp-MVVM */,
				6FB379602CB3C9BE00AA8BF7 /* Products */,
			);
			sourceTree = "<group>";
		};
		6FB379602CB3C9BE00AA8BF7 /* Products */ = {
			isa = PBXGroup;
			children = (
				6FB3795F2CB3C9BE00AA8BF7 /* NewsApp-MVVM.app */,
			);
			name = Products;
			sourceTree = "<group>";
		};
		6FB379612CB3C9BE00AA8BF7 /* NewsApp-MVVM */ = {
			isa = PBXGroup;
			children = (
				6F36A7982CB3ED5100B1C283 /* Screens */,
				6F36A7992CB3ED5A00B1C283 /* Services */,
				6F36A7972CB3ED4300B1C283 /* Resources */,
				6F36A79D2CB3EE2D00B1C283 /* Extensions */,
				6FB379702CB3C9BF00AA8BF7 /* Info.plist */,
				6F36A79E2CB3F21500B1C283 /* GoogleService-Info.plist */,
			);
			path = "NewsApp-MVVM";
			sourceTree = "<group>";
		};
/* End PBXGroup section */

/* Begin PBXNativeTarget section */
		6FB3795E2CB3C9BE00AA8BF7 /* NewsApp-MVVM */ = {
			isa = PBXNativeTarget;
			buildConfigurationList = 6FB379732CB3C9BF00AA8BF7 /* Build configuration list for PBXNativeTarget "NewsApp-MVVM" */;
			buildPhases = (
				6FB3795B2CB3C9BE00AA8BF7 /* Sources */,
				6FB3795C2CB3C9BE00AA8BF7 /* Frameworks */,
				6FB3795D2CB3C9BE00AA8BF7 /* Resources */,
			);
			buildRules = (
			);
			dependencies = (
			);
			name = "NewsApp-MVVM";
			packageProductDependencies = (
				6F36A78D2CB3E9AC00B1C283 /* Alamofire */,
				6F36A7922CB3E9C000B1C283 /* AlamofireImage */,
				6F36A7952CB3E9F300B1C283 /* MaterialActivityIndicator */,
				6F36A7AB2CB3F2D600B1C283 /* FirebaseAuth */,
				6F36A7B72CB3F2D600B1C283 /* FirebaseFirestore */,
				6F36A7CB2CB3F2D600B1C283 /* FirebaseStorage */,
			);
			productName = "NewsApp-MVVM";
			productReference = 6FB3795F2CB3C9BE00AA8BF7 /* NewsApp-MVVM.app */;
			productType = "com.apple.product-type.application";
		};
/* End PBXNativeTarget section */

/* Begin PBXProject section */
		6FB379572CB3C9BE00AA8BF7 /* Project object */ = {
			isa = PBXProject;
			attributes = {
				BuildIndependentTargetsInParallel = 1;
				LastSwiftUpdateCheck = 1520;
				LastUpgradeCheck = 1520;
				TargetAttributes = {
					6FB3795E2CB3C9BE00AA8BF7 = {
						CreatedOnToolsVersion = 15.2;
					};
				};
			};
			buildConfigurationList = 6FB3795A2CB3C9BE00AA8BF7 /* Build configuration list for PBXProject "NewsApp-MVVM" */;
			compatibilityVersion = "Xcode 14.0";
			developmentRegion = en;
			hasScannedForEncodings = 0;
			knownRegions = (
				en,
				Base,
			);
			mainGroup = 6FB379562CB3C9BE00AA8BF7;
			packageReferences = (
				6F36A78C2CB3E9AC00B1C283 /* XCRemoteSwiftPackageReference "Alamofire" */,
				6F36A7912CB3E9C000B1C283 /* XCRemoteSwiftPackageReference "AlamofireImage" */,
				6F36A7942CB3E9F300B1C283 /* XCRemoteSwiftPackageReference "MaterialActivityIndicator" */,
				6F36A7A02CB3F2D600B1C283 /* XCRemoteSwiftPackageReference "firebase-ios-sdk" */,
			);
			productRefGroup = 6FB379602CB3C9BE00AA8BF7 /* Products */;
			projectDirPath = "";
			projectRoot = "";
			targets = (
				6FB3795E2CB3C9BE00AA8BF7 /* NewsApp-MVVM */,
			);
		};
/* End PBXProject section */

/* Begin PBXResourcesBuildPhase section */
		6FB3795D2CB3C9BE00AA8BF7 /* Resources */ = {
			isa = PBXResourcesBuildPhase;
			buildActionMask = 2147483647;
			files = (
				6FB3796F2CB3C9BF00AA8BF7 /* LaunchScreen.storyboard in Resources */,
				6F36A7D22CB3FE4900B1C283 /* Home.storyboard in Resources */,
				6FB3796C2CB3C9BF00AA8BF7 /* Assets.xcassets in Resources */,
				6FB3796A2CB3C9BE00AA8BF7 /* Main.storyboard in Resources */,
				6F36A7DC2CB3FF3A00B1C283 /* Favorites.storyboard in Resources */,
				6F36A7DA2CB3FF2100B1C283 /* Search.storyboard in Resources */,
				6F0497F42CC0FF6600D268D5 /* CreateAccount.storyboard in Resources */,
				6FA83BC92CB6985A0052D790 /* NewsCell.xib in Resources */,
				6F36A79F2CB3F21500B1C283 /* GoogleService-Info.plist in Resources */,
				6F0497EA2CC0F01300D268D5 /* Login.storyboard in Resources */,
				6FA83BC42CB694210052D790 /* CategoryCell.xib in Resources */,
			);
			runOnlyForDeploymentPostprocessing = 0;
		};
/* End PBXResourcesBuildPhase section */

/* Begin PBXSourcesBuildPhase section */
		6FB3795B2CB3C9BE00AA8BF7 /* Sources */ = {
			isa = PBXSourcesBuildPhase;
			buildActionMask = 2147483647;
			files = (
				6FA83BC32CB694210052D790 /* CategoryCell.swift in Sources */,
				6F73D23E2CB7AE12009C94B9 /* Color+Ext.swift in Sources */,
				6FA83BAE2CB643CB0052D790 /* TabBarController.swift in Sources */,
				6F36A7E22CB4035F00B1C283 /* SearchVC.swift in Sources */,
				6F36A7E02CB4034900B1C283 /* FavoritesVC.swift in Sources */,
				6F36A7DE2CB4032700B1C283 /* HomeVC.swift in Sources */,
				6FA83BB22CB654FA0052D790 /* APIServices.swift in Sources */,
				6FA83BB72CB655B40052D790 /* NewsModel.swift in Sources */,
				6F0497F22CC0F79600D268D5 /* LoginViewModel.swift in Sources */,
				6FA83BBB2CB66EF20052D790 /* HomeViewModel.swift in Sources */,
				6FB379632CB3C9BE00AA8BF7 /* AppDelegate.swift in Sources */,
				6F0497FC2CC11A4F00D268D5 /* CreateAccountVC.swift in Sources */,
				6FF327E72CBCE1EC0008247C /* NewsDetailVC.swift in Sources */,
				6F87FC162CBD491B00CFD2AF /* BaseVC.swift in Sources */,
				6FA83BC82CB6985A0052D790 /* NewsCell.swift in Sources */,
				6FA83BB52CB6556F0052D790 /* Categories.swift in Sources */,
				6F0497EC2CC0F02A00D268D5 /* LoginVC.swift in Sources */,
				6F0497F02CC0F77000D268D5 /* UserModel.swift in Sources */,
				6F0497FE2CC11C5F00D268D5 /* CreateAccountViewModel.swift in Sources */,
				6F6D9B1D2CBE84C2009E931F /* SearchViewModel.swift in Sources */,
				6FA83BB02CB6543A0052D790 /* EndPoints.swift in Sources */,
				6F0498002CC1403900D268D5 /* String+messages.swift in Sources */,
				6FB379652CB3C9BE00AA8BF7 /* SceneDelegate.swift in Sources */,
			);
			runOnlyForDeploymentPostprocessing = 0;
		};
/* End PBXSourcesBuildPhase section */

/* Begin PBXVariantGroup section */
		6FB379682CB3C9BE00AA8BF7 /* Main.storyboard */ = {
			isa = PBXVariantGroup;
			children = (
				6FB379692CB3C9BE00AA8BF7 /* Base */,
			);
			name = Main.storyboard;
			sourceTree = "<group>";
		};
		6FB3796D2CB3C9BF00AA8BF7 /* LaunchScreen.storyboard */ = {
			isa = PBXVariantGroup;
			children = (
				6FB3796E2CB3C9BF00AA8BF7 /* Base */,
			);
			name = LaunchScreen.storyboard;
			sourceTree = "<group>";
		};
/* End PBXVariantGroup section */

/* Begin XCBuildConfiguration section */
		6FB379712CB3C9BF00AA8BF7 /* Debug */ = {
			isa = XCBuildConfiguration;
			buildSettings = {
				ALWAYS_SEARCH_USER_PATHS = NO;
				ASSETCATALOG_COMPILER_GENERATE_SWIFT_ASSET_SYMBOL_EXTENSIONS = YES;
				CLANG_ANALYZER_NONNULL = YES;
				CLANG_ANALYZER_NUMBER_OBJECT_CONVERSION = YES_AGGRESSIVE;
				CLANG_CXX_LANGUAGE_STANDARD = "gnu++20";
				CLANG_ENABLE_MODULES = YES;
				CLANG_ENABLE_OBJC_ARC = YES;
				CLANG_ENABLE_OBJC_WEAK = YES;
				CLANG_WARN_BLOCK_CAPTURE_AUTORELEASING = YES;
				CLANG_WARN_BOOL_CONVERSION = YES;
				CLANG_WARN_COMMA = YES;
				CLANG_WARN_CONSTANT_CONVERSION = YES;
				CLANG_WARN_DEPRECATED_OBJC_IMPLEMENTATIONS = YES;
				CLANG_WARN_DIRECT_OBJC_ISA_USAGE = YES_ERROR;
				CLANG_WARN_DOCUMENTATION_COMMENTS = YES;
				CLANG_WARN_EMPTY_BODY = YES;
				CLANG_WARN_ENUM_CONVERSION = YES;
				CLANG_WARN_INFINITE_RECURSION = YES;
				CLANG_WARN_INT_CONVERSION = YES;
				CLANG_WARN_NON_LITERAL_NULL_CONVERSION = YES;
				CLANG_WARN_OBJC_IMPLICIT_RETAIN_SELF = YES;
				CLANG_WARN_OBJC_LITERAL_CONVERSION = YES;
				CLANG_WARN_OBJC_ROOT_CLASS = YES_ERROR;
				CLANG_WARN_QUOTED_INCLUDE_IN_FRAMEWORK_HEADER = YES;
				CLANG_WARN_RANGE_LOOP_ANALYSIS = YES;
				CLANG_WARN_STRICT_PROTOTYPES = YES;
				CLANG_WARN_SUSPICIOUS_MOVE = YES;
				CLANG_WARN_UNGUARDED_AVAILABILITY = YES_AGGRESSIVE;
				CLANG_WARN_UNREACHABLE_CODE = YES;
				CLANG_WARN__DUPLICATE_METHOD_MATCH = YES;
				COPY_PHASE_STRIP = NO;
				DEBUG_INFORMATION_FORMAT = dwarf;
				ENABLE_STRICT_OBJC_MSGSEND = YES;
				ENABLE_TESTABILITY = YES;
				ENABLE_USER_SCRIPT_SANDBOXING = YES;
				GCC_C_LANGUAGE_STANDARD = gnu17;
				GCC_DYNAMIC_NO_PIC = NO;
				GCC_NO_COMMON_BLOCKS = YES;
				GCC_OPTIMIZATION_LEVEL = 0;
				GCC_PREPROCESSOR_DEFINITIONS = (
					"DEBUG=1",
					"$(inherited)",
				);
				GCC_WARN_64_TO_32_BIT_CONVERSION = YES;
				GCC_WARN_ABOUT_RETURN_TYPE = YES_ERROR;
				GCC_WARN_UNDECLARED_SELECTOR = YES;
				GCC_WARN_UNINITIALIZED_AUTOS = YES_AGGRESSIVE;
				GCC_WARN_UNUSED_FUNCTION = YES;
				GCC_WARN_UNUSED_VARIABLE = YES;
				IPHONEOS_DEPLOYMENT_TARGET = 17.2;
				LOCALIZATION_PREFERS_STRING_CATALOGS = YES;
				MTL_ENABLE_DEBUG_INFO = INCLUDE_SOURCE;
				MTL_FAST_MATH = YES;
				ONLY_ACTIVE_ARCH = YES;
				SDKROOT = iphoneos;
				SWIFT_ACTIVE_COMPILATION_CONDITIONS = "DEBUG $(inherited)";
				SWIFT_OPTIMIZATION_LEVEL = "-Onone";
			};
			name = Debug;
		};
		6FB379722CB3C9BF00AA8BF7 /* Release */ = {
			isa = XCBuildConfiguration;
			buildSettings = {
				ALWAYS_SEARCH_USER_PATHS = NO;
				ASSETCATALOG_COMPILER_GENERATE_SWIFT_ASSET_SYMBOL_EXTENSIONS = YES;
				CLANG_ANALYZER_NONNULL = YES;
				CLANG_ANALYZER_NUMBER_OBJECT_CONVERSION = YES_AGGRESSIVE;
				CLANG_CXX_LANGUAGE_STANDARD = "gnu++20";
				CLANG_ENABLE_MODULES = YES;
				CLANG_ENABLE_OBJC_ARC = YES;
				CLANG_ENABLE_OBJC_WEAK = YES;
				CLANG_WARN_BLOCK_CAPTURE_AUTORELEASING = YES;
				CLANG_WARN_BOOL_CONVERSION = YES;
				CLANG_WARN_COMMA = YES;
				CLANG_WARN_CONSTANT_CONVERSION = YES;
				CLANG_WARN_DEPRECATED_OBJC_IMPLEMENTATIONS = YES;
				CLANG_WARN_DIRECT_OBJC_ISA_USAGE = YES_ERROR;
				CLANG_WARN_DOCUMENTATION_COMMENTS = YES;
				CLANG_WARN_EMPTY_BODY = YES;
				CLANG_WARN_ENUM_CONVERSION = YES;
				CLANG_WARN_INFINITE_RECURSION = YES;
				CLANG_WARN_INT_CONVERSION = YES;
				CLANG_WARN_NON_LITERAL_NULL_CONVERSION = YES;
				CLANG_WARN_OBJC_IMPLICIT_RETAIN_SELF = YES;
				CLANG_WARN_OBJC_LITERAL_CONVERSION = YES;
				CLANG_WARN_OBJC_ROOT_CLASS = YES_ERROR;
				CLANG_WARN_QUOTED_INCLUDE_IN_FRAMEWORK_HEADER = YES;
				CLANG_WARN_RANGE_LOOP_ANALYSIS = YES;
				CLANG_WARN_STRICT_PROTOTYPES = YES;
				CLANG_WARN_SUSPICIOUS_MOVE = YES;
				CLANG_WARN_UNGUARDED_AVAILABILITY = YES_AGGRESSIVE;
				CLANG_WARN_UNREACHABLE_CODE = YES;
				CLANG_WARN__DUPLICATE_METHOD_MATCH = YES;
				COPY_PHASE_STRIP = NO;
				DEBUG_INFORMATION_FORMAT = "dwarf-with-dsym";
				ENABLE_NS_ASSERTIONS = NO;
				ENABLE_STRICT_OBJC_MSGSEND = YES;
				ENABLE_USER_SCRIPT_SANDBOXING = YES;
				GCC_C_LANGUAGE_STANDARD = gnu17;
				GCC_NO_COMMON_BLOCKS = YES;
				GCC_WARN_64_TO_32_BIT_CONVERSION = YES;
				GCC_WARN_ABOUT_RETURN_TYPE = YES_ERROR;
				GCC_WARN_UNDECLARED_SELECTOR = YES;
				GCC_WARN_UNINITIALIZED_AUTOS = YES_AGGRESSIVE;
				GCC_WARN_UNUSED_FUNCTION = YES;
				GCC_WARN_UNUSED_VARIABLE = YES;
				IPHONEOS_DEPLOYMENT_TARGET = 17.2;
				LOCALIZATION_PREFERS_STRING_CATALOGS = YES;
				MTL_ENABLE_DEBUG_INFO = NO;
				MTL_FAST_MATH = YES;
				SDKROOT = iphoneos;
				SWIFT_COMPILATION_MODE = wholemodule;
				VALIDATE_PRODUCT = YES;
			};
			name = Release;
		};
		6FB379742CB3C9BF00AA8BF7 /* Debug */ = {
			isa = XCBuildConfiguration;
			buildSettings = {
				ASSETCATALOG_COMPILER_APPICON_NAME = AppIcon;
				ASSETCATALOG_COMPILER_GLOBAL_ACCENT_COLOR_NAME = AccentColor;
				CODE_SIGN_STYLE = Automatic;
				CURRENT_PROJECT_VERSION = 1;
				DEVELOPMENT_TEAM = RLTBABHG5N;
				GENERATE_INFOPLIST_FILE = YES;
				INFOPLIST_FILE = "NewsApp-MVVM/Info.plist";
				INFOPLIST_KEY_UIApplicationSupportsIndirectInputEvents = YES;
				INFOPLIST_KEY_UILaunchStoryboardName = LaunchScreen;
				INFOPLIST_KEY_UIMainStoryboardFile = Main;
				INFOPLIST_KEY_UISupportedInterfaceOrientations_iPad = "UIInterfaceOrientationPortrait UIInterfaceOrientationPortraitUpsideDown UIInterfaceOrientationLandscapeLeft UIInterfaceOrientationLandscapeRight";
				INFOPLIST_KEY_UISupportedInterfaceOrientations_iPhone = "UIInterfaceOrientationPortrait UIInterfaceOrientationLandscapeLeft UIInterfaceOrientationLandscapeRight";
				LD_RUNPATH_SEARCH_PATHS = (
					"$(inherited)",
					"@executable_path/Frameworks",
				);
				MARKETING_VERSION = 1.0;
				PRODUCT_BUNDLE_IDENTIFIER = "com.emreyesilyurt.NewsApp-MVVM";
				PRODUCT_NAME = "$(TARGET_NAME)";
				SWIFT_EMIT_LOC_STRINGS = YES;
				SWIFT_VERSION = 5.0;
				TARGETED_DEVICE_FAMILY = "1,2";
			};
			name = Debug;
		};
		6FB379752CB3C9BF00AA8BF7 /* Release */ = {
			isa = XCBuildConfiguration;
			buildSettings = {
				ASSETCATALOG_COMPILER_APPICON_NAME = AppIcon;
				ASSETCATALOG_COMPILER_GLOBAL_ACCENT_COLOR_NAME = AccentColor;
				CODE_SIGN_STYLE = Automatic;
				CURRENT_PROJECT_VERSION = 1;
				DEVELOPMENT_TEAM = RLTBABHG5N;
				GENERATE_INFOPLIST_FILE = YES;
				INFOPLIST_FILE = "NewsApp-MVVM/Info.plist";
				INFOPLIST_KEY_UIApplicationSupportsIndirectInputEvents = YES;
				INFOPLIST_KEY_UILaunchStoryboardName = LaunchScreen;
				INFOPLIST_KEY_UIMainStoryboardFile = Main;
				INFOPLIST_KEY_UISupportedInterfaceOrientations_iPad = "UIInterfaceOrientationPortrait UIInterfaceOrientationPortraitUpsideDown UIInterfaceOrientationLandscapeLeft UIInterfaceOrientationLandscapeRight";
				INFOPLIST_KEY_UISupportedInterfaceOrientations_iPhone = "UIInterfaceOrientationPortrait UIInterfaceOrientationLandscapeLeft UIInterfaceOrientationLandscapeRight";
				LD_RUNPATH_SEARCH_PATHS = (
					"$(inherited)",
					"@executable_path/Frameworks",
				);
				MARKETING_VERSION = 1.0;
				PRODUCT_BUNDLE_IDENTIFIER = "com.emreyesilyurt.NewsApp-MVVM";
				PRODUCT_NAME = "$(TARGET_NAME)";
				SWIFT_EMIT_LOC_STRINGS = YES;
				SWIFT_VERSION = 5.0;
				TARGETED_DEVICE_FAMILY = "1,2";
			};
			name = Release;
		};
/* End XCBuildConfiguration section */

/* Begin XCConfigurationList section */
		6FB3795A2CB3C9BE00AA8BF7 /* Build configuration list for PBXProject "NewsApp-MVVM" */ = {
			isa = XCConfigurationList;
			buildConfigurations = (
				6FB379712CB3C9BF00AA8BF7 /* Debug */,
				6FB379722CB3C9BF00AA8BF7 /* Release */,
			);
			defaultConfigurationIsVisible = 0;
			defaultConfigurationName = Release;
		};
		6FB379732CB3C9BF00AA8BF7 /* Build configuration list for PBXNativeTarget "NewsApp-MVVM" */ = {
			isa = XCConfigurationList;
			buildConfigurations = (
				6FB379742CB3C9BF00AA8BF7 /* Debug */,
				6FB379752CB3C9BF00AA8BF7 /* Release */,
			);
			defaultConfigurationIsVisible = 0;
			defaultConfigurationName = Release;
		};
/* End XCConfigurationList section */

/* Begin XCRemoteSwiftPackageReference section */
		6F36A78C2CB3E9AC00B1C283 /* XCRemoteSwiftPackageReference "Alamofire" */ = {
			isa = XCRemoteSwiftPackageReference;
			repositoryURL = "https://github.com/Alamofire/Alamofire";
			requirement = {
				kind = upToNextMajorVersion;
				minimumVersion = 5.9.1;
			};
		};
		6F36A7912CB3E9C000B1C283 /* XCRemoteSwiftPackageReference "AlamofireImage" */ = {
			isa = XCRemoteSwiftPackageReference;
			repositoryURL = "https://github.com/Alamofire/AlamofireImage";
			requirement = {
				kind = upToNextMajorVersion;
				minimumVersion = 4.3.0;
			};
		};
		6F36A7942CB3E9F300B1C283 /* XCRemoteSwiftPackageReference "MaterialActivityIndicator" */ = {
			isa = XCRemoteSwiftPackageReference;
			repositoryURL = "https://github.com/nspavlo/MaterialActivityIndicator";
			requirement = {
				kind = upToNextMajorVersion;
				minimumVersion = 0.0.7;
			};
		};
		6F36A7A02CB3F2D600B1C283 /* XCRemoteSwiftPackageReference "firebase-ios-sdk" */ = {
			isa = XCRemoteSwiftPackageReference;
			repositoryURL = "https://github.com/firebase/firebase-ios-sdk";
			requirement = {
				kind = upToNextMajorVersion;
				minimumVersion = 11.3.0;
			};
		};
/* End XCRemoteSwiftPackageReference section */

/* Begin XCSwiftPackageProductDependency section */
		6F36A78D2CB3E9AC00B1C283 /* Alamofire */ = {
			isa = XCSwiftPackageProductDependency;
			package = 6F36A78C2CB3E9AC00B1C283 /* XCRemoteSwiftPackageReference "Alamofire" */;
			productName = Alamofire;
		};
		6F36A7922CB3E9C000B1C283 /* AlamofireImage */ = {
			isa = XCSwiftPackageProductDependency;
			package = 6F36A7912CB3E9C000B1C283 /* XCRemoteSwiftPackageReference "AlamofireImage" */;
			productName = AlamofireImage;
		};
		6F36A7952CB3E9F300B1C283 /* MaterialActivityIndicator */ = {
			isa = XCSwiftPackageProductDependency;
			package = 6F36A7942CB3E9F300B1C283 /* XCRemoteSwiftPackageReference "MaterialActivityIndicator" */;
			productName = MaterialActivityIndicator;
		};
		6F36A7AB2CB3F2D600B1C283 /* FirebaseAuth */ = {
			isa = XCSwiftPackageProductDependency;
			package = 6F36A7A02CB3F2D600B1C283 /* XCRemoteSwiftPackageReference "firebase-ios-sdk" */;
			productName = FirebaseAuth;
		};
		6F36A7B72CB3F2D600B1C283 /* FirebaseFirestore */ = {
			isa = XCSwiftPackageProductDependency;
			package = 6F36A7A02CB3F2D600B1C283 /* XCRemoteSwiftPackageReference "firebase-ios-sdk" */;
			productName = FirebaseFirestore;
		};
		6F36A7CB2CB3F2D600B1C283 /* FirebaseStorage */ = {
			isa = XCSwiftPackageProductDependency;
			package = 6F36A7A02CB3F2D600B1C283 /* XCRemoteSwiftPackageReference "firebase-ios-sdk" */;
			productName = FirebaseStorage;
		};
/* End XCSwiftPackageProductDependency section */
	};
	rootObject = 6FB379572CB3C9BE00AA8BF7 /* Project object */;
}
